{
  "name": "growsockets",
  "version": "0.0.1",
  "lockfileVersion": 1,
  "requires": true,
  "dependencies": {
    "@types/node": {
      "version": "14.14.9",
      "resolved": "https://registry.npmjs.org/@types/node/-/node-14.14.9.tgz",
      "integrity": "sha512-JsoLXFppG62tWTklIoO4knA+oDTYsmqWxHRvd4lpmfQRNhX6osheUOWETP2jMoV/2bEHuMra8Pp3Dmo/stBFcw=="
    },
    "node-addon-api": {
      "version": "3.0.2",
      "resolved": "https://registry.npmjs.org/node-addon-api/-/node-addon-api-3.0.2.tgz",
      "integrity": "sha512-+D4s2HCnxPd5PjjI0STKwncjXTUKKqm74MDMz9OPXavjsGmjkvwgLtA5yoxJUdmpj52+2u+RrXgPipahKczMKg=="
    }
  }
}
